
Microsoft Visual Studio Solution File, Format Version 12.00
# Visual Studio 2013
VisualStudioVersion = 12.0.40629.0
MinimumVisualStudioVersion = 10.0.40219.1
Project("{FAE04EC0-301F-11D3-BF4B-00C04F79EFBC}") = "Penjualan_PBD_IF19C_WahyuWijanarko", "Penjualan_PBD_IF19C_WahyuWijanarko\Penjualan_PBD_IF19C_WahyuWijanarko.csproj", "{9304E0CE-1BC4-499A-9965-7626ED1A6F6F}"
EndProject
Global
	GlobalSection(SolutionConfigurationPlatforms) = preSolution
		Debug|Any CPU = Debug|Any CPU
		Release|Any CPU = Release|Any CPU
	EndGlobalSection
	GlobalSection(ProjectConfigurationPlatforms) = postSolution
		{9304E0CE-1BC4-499A-9965-7626ED1A6F6F}.Debug|Any CPU.ActiveCfg = Debug|Any CPU
		{9304E0CE-1BC4-499A-9965-7626ED1A6F6F}.Debug|Any CPU.Build.0 = Debug|Any CPU
		{9304E0CE-1BC4-499A-9965-7626ED1A6F6F}.Release|Any CPU.ActiveCfg = Release|Any CPU
		{9304E0CE-1BC4-499A-9965-7626ED1A6F6F}.Release|Any CPU.Build.0 = Release|Any CPU
	EndGlobalSection
	GlobalSection(SolutionProperties) = preSolution
		HideSolutionNode = FALSE
	EndGlobalSection
EndGlobal
